
Microsoft Visual Studio Solution File, Format Version 12.00
# Visual Studio Version 17
VisualStudioVersion = 17.10.34707.107
MinimumVisualStudioVersion = 10.0.40219.1
Project("{FAE04EC0-301F-11D3-BF4B-00C04F79EFBC}") = "PrinterConsole", "PrinterConsole\PrinterConsole.csproj", "{0AAAF699-F969-4C91-BF53-F66557E92991}"
EndProject
Global
	GlobalSection(SolutionConfigurationPlatforms) = preSolution
		Debug|Any CPU = Debug|Any CPU
		Release|Any CPU = Release|Any CPU
	EndGlobalSection
	GlobalSection(ProjectConfigurationPlatforms) = postSolution
		{0AAAF699-F969-4C91-BF53-F66557E92991}.Debug|Any CPU.ActiveCfg = Debug|Any CPU
		{0AAAF699-F969-4C91-BF53-F66557E92991}.Debug|Any CPU.Build.0 = Debug|Any CPU
		{0AAAF699-F969-4C91-BF53-F66557E92991}.Release|Any CPU.ActiveCfg = Release|Any CPU
		{0AAAF699-F969-4C91-BF53-F66557E92991}.Release|Any CPU.Build.0 = Release|Any CPU
	EndGlobalSection
	GlobalSection(SolutionProperties) = preSolution
		HideSolutionNode = FALSE
	EndGlobalSection
	GlobalSection(ExtensibilityGlobals) = postSolution
		SolutionGuid = {2C2E4EE7-7492-4798-82AC-79A35CD52D65}
	EndGlobalSection
EndGlobal
